
Microsoft Visual Studio Solution File, Format Version 12.00
# Visual Studio Version 16
VisualStudioVersion = 16.0.32510.428
MinimumVisualStudioVersion = 10.0.40219.1
Project("{8BC9CEB8-8B4A-11D0-8D11-00A0C91BC942}") = "investment with interest programme using while loop", "investment with interest programme using while loop.vcxproj", "{FD462FB3-A4A7-41DE-A58E-CF0484379803}"
EndProject
Global
	GlobalSection(SolutionConfigurationPlatforms) = preSolution
		Debug|x64 = Debug|x64
		Debug|x86 = Debug|x86
		Release|x64 = Release|x64
		Release|x86 = Release|x86
	EndGlobalSection
	GlobalSection(ProjectConfigurationPlatforms) = postSolution
		{FD462FB3-A4A7-41DE-A58E-CF0484379803}.Debug|x64.ActiveCfg = Debug|x64
		{FD462FB3-A4A7-41DE-A58E-CF0484379803}.Debug|x64.Build.0 = Debug|x64
		{FD462FB3-A4A7-41DE-A58E-CF0484379803}.Debug|x86.ActiveCfg = Debug|Win32
		{FD462FB3-A4A7-41DE-A58E-CF0484379803}.Debug|x86.Build.0 = Debug|Win32
		{FD462FB3-A4A7-41DE-A58E-CF0484379803}.Release|x64.ActiveCfg = Release|x64
		{FD462FB3-A4A7-41DE-A58E-CF0484379803}.Release|x64.Build.0 = Release|x64
		{FD462FB3-A4A7-41DE-A58E-CF0484379803}.Release|x86.ActiveCfg = Release|Win32
		{FD462FB3-A4A7-41DE-A58E-CF0484379803}.Release|x86.Build.0 = Release|Win32
	EndGlobalSection
	GlobalSection(SolutionProperties) = preSolution
		HideSolutionNode = FALSE
	EndGlobalSection
	GlobalSection(ExtensibilityGlobals) = postSolution
		SolutionGuid = {2DA5D96F-AB67-4645-8E16-B59D43244839}
	EndGlobalSection
EndGlobal
